
Microsoft Visual Studio Solution File, Format Version 12.00
# Visual Studio Version 17
VisualStudioVersion = 17.4.33403.182
MinimumVisualStudioVersion = 10.0.40219.1
Project("{FAE04EC0-301F-11D3-BF4B-00C04F79EFBC}") = "MuzikalenMagazin", "MuzikalenMagazin.csproj", "{824F1F4D-2969-46CD-BC5D-74C729F95698}"
EndProject
Global
	GlobalSection(SolutionConfigurationPlatforms) = preSolution
		Debug|Any CPU = Debug|Any CPU
		Release|Any CPU = Release|Any CPU
	EndGlobalSection
	GlobalSection(ProjectConfigurationPlatforms) = postSolution
		{824F1F4D-2969-46CD-BC5D-74C729F95698}.Debug|Any CPU.ActiveCfg = Debug|Any CPU
		{824F1F4D-2969-46CD-BC5D-74C729F95698}.Debug|Any CPU.Build.0 = Debug|Any CPU
		{824F1F4D-2969-46CD-BC5D-74C729F95698}.Release|Any CPU.ActiveCfg = Release|Any CPU
		{824F1F4D-2969-46CD-BC5D-74C729F95698}.Release|Any CPU.Build.0 = Release|Any CPU
	EndGlobalSection
	GlobalSection(SolutionProperties) = preSolution
		HideSolutionNode = FALSE
	EndGlobalSection
	GlobalSection(ExtensibilityGlobals) = postSolution
		SolutionGuid = {C4376A4D-3A7F-4E59-B4C0-B65D8FCC57C5}
	EndGlobalSection
EndGlobal
